
Microsoft Visual Studio Solution File, Format Version 12.00
# Visual Studio Version 17
VisualStudioVersion = 17.3.32929.385
MinimumVisualStudioVersion = 10.0.40219.1
Project("{FAE04EC0-301F-11D3-BF4B-00C04F79EFBC}") = "GigaConverter", "GigaConverter\GigaConverter.csproj", "{BCAF8197-761B-433A-86BF-1D9AD4AE7950}"
EndProject
Global
	GlobalSection(SolutionConfigurationPlatforms) = preSolution
		Debug|Any CPU = Debug|Any CPU
		Release|Any CPU = Release|Any CPU
	EndGlobalSection
	GlobalSection(ProjectConfigurationPlatforms) = postSolution
		{BCAF8197-761B-433A-86BF-1D9AD4AE7950}.Debug|Any CPU.ActiveCfg = Debug|Any CPU
		{BCAF8197-761B-433A-86BF-1D9AD4AE7950}.Debug|Any CPU.Build.0 = Debug|Any CPU
		{BCAF8197-761B-433A-86BF-1D9AD4AE7950}.Release|Any CPU.ActiveCfg = Release|Any CPU
		{BCAF8197-761B-433A-86BF-1D9AD4AE7950}.Release|Any CPU.Build.0 = Release|Any CPU
	EndGlobalSection
	GlobalSection(SolutionProperties) = preSolution
		HideSolutionNode = FALSE
	EndGlobalSection
	GlobalSection(ExtensibilityGlobals) = postSolution
		SolutionGuid = {F47DF615-B127-45FB-B63C-B73D6718B4E8}
	EndGlobalSection
EndGlobal
